
Microsoft Visual Studio Solution File, Format Version 12.00
# Visual Studio Version 17
VisualStudioVersion = 17.1.32421.90
MinimumVisualStudioVersion = 10.0.40219.1
Project("{8BC9CEB8-8B4A-11D0-8D11-00A0C91BC942}") = "CKorea", "CKorea\CKorea.vcxproj", "{A0E62213-BB6A-48F0-8E90-DDCDF655CE7F}"
EndProject
Project("{8BC9CEB8-8B4A-11D0-8D11-00A0C91BC942}") = "CDialog2", "CDialog2\CDialog2.vcxproj", "{67EDEED1-9A78-483A-B55D-77D4D13C8A7A}"
EndProject
Global
	GlobalSection(SolutionConfigurationPlatforms) = preSolution
		Debug|x64 = Debug|x64
		Debug|x86 = Debug|x86
		Release|x64 = Release|x64
		Release|x86 = Release|x86
	EndGlobalSection
	GlobalSection(ProjectConfigurationPlatforms) = postSolution
		{A0E62213-BB6A-48F0-8E90-DDCDF655CE7F}.Debug|x64.ActiveCfg = Debug|x64
		{A0E62213-BB6A-48F0-8E90-DDCDF655CE7F}.Debug|x64.Build.0 = Debug|x64
		{A0E62213-BB6A-48F0-8E90-DDCDF655CE7F}.Debug|x86.ActiveCfg = Debug|Win32
		{A0E62213-BB6A-48F0-8E90-DDCDF655CE7F}.Debug|x86.Build.0 = Debug|Win32
		{A0E62213-BB6A-48F0-8E90-DDCDF655CE7F}.Release|x64.ActiveCfg = Release|x64
		{A0E62213-BB6A-48F0-8E90-DDCDF655CE7F}.Release|x64.Build.0 = Release|x64
		{A0E62213-BB6A-48F0-8E90-DDCDF655CE7F}.Release|x86.ActiveCfg = Release|Win32
		{A0E62213-BB6A-48F0-8E90-DDCDF655CE7F}.Release|x86.Build.0 = Release|Win32
		{67EDEED1-9A78-483A-B55D-77D4D13C8A7A}.Debug|x64.ActiveCfg = Debug|x64
		{67EDEED1-9A78-483A-B55D-77D4D13C8A7A}.Debug|x64.Build.0 = Debug|x64
		{67EDEED1-9A78-483A-B55D-77D4D13C8A7A}.Debug|x86.ActiveCfg = Debug|Win32
		{67EDEED1-9A78-483A-B55D-77D4D13C8A7A}.Debug|x86.Build.0 = Debug|Win32
		{67EDEED1-9A78-483A-B55D-77D4D13C8A7A}.Release|x64.ActiveCfg = Release|x64
		{67EDEED1-9A78-483A-B55D-77D4D13C8A7A}.Release|x64.Build.0 = Release|x64
		{67EDEED1-9A78-483A-B55D-77D4D13C8A7A}.Release|x86.ActiveCfg = Release|Win32
		{67EDEED1-9A78-483A-B55D-77D4D13C8A7A}.Release|x86.Build.0 = Release|Win32
	EndGlobalSection
	GlobalSection(SolutionProperties) = preSolution
		HideSolutionNode = FALSE
	EndGlobalSection
	GlobalSection(ExtensibilityGlobals) = postSolution
		SolutionGuid = {6F85E2D4-B421-46D3-BB67-EB383BCF8A2F}
	EndGlobalSection
EndGlobal
